
Microsoft Visual Studio Solution File, Format Version 11.00
# Visual C++ Express 2010
Project("{8BC9CEB8-8B4A-11D0-8D11-00A0C91BC942}") = "oxygenz", "oxk-works\oxygenz_vc2010.vcxproj", "{B6267699-004C-4B27-AB74-CC7D87FF84D8}"
EndProject
Project("{8BC9CEB8-8B4A-11D0-8D11-00A0C91BC942}") = "marble", "multitexturemarble\marble_vc2010.vcxproj", "{93974BAC-25C6-433F-BEA8-902941E3C3ED}"
EndProject
Project("{8BC9CEB8-8B4A-11D0-8D11-00A0C91BC942}") = "KTG", "ktg\KTG_vc2010.vcxproj", "{7376C463-75A4-425D-90A1-55B4F5E7AE0B}"
EndProject
Project("{8BC9CEB8-8B4A-11D0-8D11-00A0C91BC942}") = "System K Demo", "IntegratedDemoSystem\System K Demo_vc2010.vcxproj", "{13C7D49A-F1D7-4CB7-B1FC-70AAE1040CC0}"
EndProject
Project("{8BC9CEB8-8B4A-11D0-8D11-00A0C91BC942}") = "ExecutableExporter", "ExecutableExporter\ExecutableExporter_vc2010.vcxproj", "{C1DFBF85-E2AB-467D-B44A-02F6264BA698}"
EndProject
Global
	GlobalSection(SolutionConfigurationPlatforms) = preSolution
		Debug|Win32 = Debug|Win32
		NOT64K Debug|Win32 = NOT64K Debug|Win32
		NOT64K Mode|Win32 = NOT64K Mode|Win32
		Release|Win32 = Release|Win32
	EndGlobalSection
	GlobalSection(ProjectConfigurationPlatforms) = postSolution
		{B6267699-004C-4B27-AB74-CC7D87FF84D8}.Debug|Win32.ActiveCfg = Debug|Win32
		{B6267699-004C-4B27-AB74-CC7D87FF84D8}.Debug|Win32.Build.0 = Debug|Win32
		{B6267699-004C-4B27-AB74-CC7D87FF84D8}.NOT64K Debug|Win32.ActiveCfg = NOT64K Debug|Win32
		{B6267699-004C-4B27-AB74-CC7D87FF84D8}.NOT64K Debug|Win32.Build.0 = NOT64K Debug|Win32
		{B6267699-004C-4B27-AB74-CC7D87FF84D8}.NOT64K Mode|Win32.ActiveCfg = NOT64K Mode|Win32
		{B6267699-004C-4B27-AB74-CC7D87FF84D8}.NOT64K Mode|Win32.Build.0 = NOT64K Mode|Win32
		{B6267699-004C-4B27-AB74-CC7D87FF84D8}.Release|Win32.ActiveCfg = Release|Win32
		{B6267699-004C-4B27-AB74-CC7D87FF84D8}.Release|Win32.Build.0 = Release|Win32
		{93974BAC-25C6-433F-BEA8-902941E3C3ED}.Debug|Win32.ActiveCfg = Debug|Win32
		{93974BAC-25C6-433F-BEA8-902941E3C3ED}.Debug|Win32.Build.0 = Debug|Win32
		{93974BAC-25C6-433F-BEA8-902941E3C3ED}.NOT64K Debug|Win32.ActiveCfg = NOT64K Debug|Win32
		{93974BAC-25C6-433F-BEA8-902941E3C3ED}.NOT64K Debug|Win32.Build.0 = NOT64K Debug|Win32
		{93974BAC-25C6-433F-BEA8-902941E3C3ED}.NOT64K Mode|Win32.ActiveCfg = NOT64K Mode|Win32
		{93974BAC-25C6-433F-BEA8-902941E3C3ED}.NOT64K Mode|Win32.Build.0 = NOT64K Mode|Win32
		{93974BAC-25C6-433F-BEA8-902941E3C3ED}.Release|Win32.ActiveCfg = Release|Win32
		{93974BAC-25C6-433F-BEA8-902941E3C3ED}.Release|Win32.Build.0 = Release|Win32
		{7376C463-75A4-425D-90A1-55B4F5E7AE0B}.Debug|Win32.ActiveCfg = Debug|Win32
		{7376C463-75A4-425D-90A1-55B4F5E7AE0B}.Debug|Win32.Build.0 = Debug|Win32
		{7376C463-75A4-425D-90A1-55B4F5E7AE0B}.NOT64K Debug|Win32.ActiveCfg = NOT64K Debug|Win32
		{7376C463-75A4-425D-90A1-55B4F5E7AE0B}.NOT64K Debug|Win32.Build.0 = NOT64K Debug|Win32
		{7376C463-75A4-425D-90A1-55B4F5E7AE0B}.NOT64K Mode|Win32.ActiveCfg = NOT64K Mode|Win32
		{7376C463-75A4-425D-90A1-55B4F5E7AE0B}.NOT64K Mode|Win32.Build.0 = NOT64K Mode|Win32
		{7376C463-75A4-425D-90A1-55B4F5E7AE0B}.Release|Win32.ActiveCfg = Release|Win32
		{7376C463-75A4-425D-90A1-55B4F5E7AE0B}.Release|Win32.Build.0 = Release|Win32
		{13C7D49A-F1D7-4CB7-B1FC-70AAE1040CC0}.Debug|Win32.ActiveCfg = Debug|Win32
		{13C7D49A-F1D7-4CB7-B1FC-70AAE1040CC0}.Debug|Win32.Build.0 = Debug|Win32
		{13C7D49A-F1D7-4CB7-B1FC-70AAE1040CC0}.NOT64K Debug|Win32.ActiveCfg = NOT64K Debug|Win32
		{13C7D49A-F1D7-4CB7-B1FC-70AAE1040CC0}.NOT64K Debug|Win32.Build.0 = NOT64K Debug|Win32
		{13C7D49A-F1D7-4CB7-B1FC-70AAE1040CC0}.NOT64K Mode|Win32.ActiveCfg = NOT64K Mode|Win32
		{13C7D49A-F1D7-4CB7-B1FC-70AAE1040CC0}.NOT64K Mode|Win32.Build.0 = NOT64K Mode|Win32
		{13C7D49A-F1D7-4CB7-B1FC-70AAE1040CC0}.Release|Win32.ActiveCfg = Release|Win32
		{13C7D49A-F1D7-4CB7-B1FC-70AAE1040CC0}.Release|Win32.Build.0 = Release|Win32
		{C1DFBF85-E2AB-467D-B44A-02F6264BA698}.Debug|Win32.ActiveCfg = Debug|Win32
		{C1DFBF85-E2AB-467D-B44A-02F6264BA698}.Debug|Win32.Build.0 = Debug|Win32
		{C1DFBF85-E2AB-467D-B44A-02F6264BA698}.NOT64K Debug|Win32.ActiveCfg = NOT64K Debug|Win32
		{C1DFBF85-E2AB-467D-B44A-02F6264BA698}.NOT64K Debug|Win32.Build.0 = NOT64K Debug|Win32
		{C1DFBF85-E2AB-467D-B44A-02F6264BA698}.NOT64K Mode|Win32.ActiveCfg = NOT64K Mode|Win32
		{C1DFBF85-E2AB-467D-B44A-02F6264BA698}.NOT64K Mode|Win32.Build.0 = NOT64K Mode|Win32
		{C1DFBF85-E2AB-467D-B44A-02F6264BA698}.Release|Win32.ActiveCfg = Release|Win32
		{C1DFBF85-E2AB-467D-B44A-02F6264BA698}.Release|Win32.Build.0 = Release|Win32
	EndGlobalSection
	GlobalSection(SolutionProperties) = preSolution
		HideSolutionNode = FALSE
	EndGlobalSection
EndGlobal
