Microsoft Visual Studio Solution File, Format Version 7.00
Project("{8BC9CEB8-8B4A-11D0-8D11-00A0C91BC942}") = "main", "main.vcproj", "{948A426F-F4A9-41CD-B8C0-58D243C26CD5}"
EndProject
Global
	GlobalSection(SolutionConfiguration) = preSolution
		ConfigName.0 = Debug
		ConfigName.1 = Release
	EndGlobalSection
	GlobalSection(ProjectDependencies) = postSolution
	EndGlobalSection
	GlobalSection(ProjectConfiguration) = postSolution
		{948A426F-F4A9-41CD-B8C0-58D243C26CD5}.Debug.ActiveCfg = Debug|Win32
		{948A426F-F4A9-41CD-B8C0-58D243C26CD5}.Debug.Build.0 = Debug|Win32
		{948A426F-F4A9-41CD-B8C0-58D243C26CD5}.Release.ActiveCfg = Release|Win32
		{948A426F-F4A9-41CD-B8C0-58D243C26CD5}.Release.Build.0 = Release|Win32
	EndGlobalSection
	GlobalSection(ExtensibilityGlobals) = postSolution
	EndGlobalSection
	GlobalSection(ExtensibilityAddIns) = postSolution
	EndGlobalSection
EndGlobal
